
Microsoft Visual Studio Solution File, Format Version 12.00
# Visual Studio Version 17
VisualStudioVersion = 17.7.34031.279
MinimumVisualStudioVersion = 10.0.40219.1
Project("{888888A0-9F3D-457C-B088-3A5042F75D52}") = "прак4", "прак4\прак4.pyproj", "{C6A274B3-01F2-4F48-B5FA-6A5FF0FCA597}"
EndProject
Global
	GlobalSection(SolutionConfigurationPlatforms) = preSolution
		Debug|Any CPU = Debug|Any CPU
		Release|Any CPU = Release|Any CPU
	EndGlobalSection
	GlobalSection(ProjectConfigurationPlatforms) = postSolution
		{C6A274B3-01F2-4F48-B5FA-6A5FF0FCA597}.Debug|Any CPU.ActiveCfg = Debug|Any CPU
		{C6A274B3-01F2-4F48-B5FA-6A5FF0FCA597}.Release|Any CPU.ActiveCfg = Release|Any CPU
	EndGlobalSection
	GlobalSection(SolutionProperties) = preSolution
		HideSolutionNode = FALSE
	EndGlobalSection
	GlobalSection(ExtensibilityGlobals) = postSolution
		SolutionGuid = {AF9C6DED-A14A-423A-ACD7-56C25BDCA1D3}
	EndGlobalSection
EndGlobal
